// !$*UTF8*$!
{
	archiveVersion = 1;
	classes = {
	};
	objectVersion = 51;
	objects = {

/* Begin PBXBuildFile section */
		16854EAF86FEAD658B97C4CB /* Pods_Due_It.framework in Frameworks */ = {isa = PBXBuildFile; fileRef = A4791DFE16FC2CB872A701C7 /* Pods_Due_It.framework */; };
		2F60AB9A260120660035F1B7 /* GoogleService-Info.plist in Resources */ = {isa = PBXBuildFile; fileRef = 2F60AB99260120660035F1B7 /* GoogleService-Info.plist */; };
		423FB8B026027C3700C61CFC /* UserInfo.swift in Sources */ = {isa = PBXBuildFile; fileRef = 423FB8AE26027C3700C61CFC /* UserInfo.swift */; };
		423FB8B126027C3700C61CFC /* UserViewModel.swift in Sources */ = {isa = PBXBuildFile; fileRef = 423FB8AF26027C3700C61CFC /* UserViewModel.swift */; };
		423FB8B726027C4D00C61CFC /* LogInView.swift in Sources */ = {isa = PBXBuildFile; fileRef = 423FB8B226027C4C00C61CFC /* LogInView.swift */; };
		423FB8B826027C4D00C61CFC /* ForgotPasswordView.swift in Sources */ = {isa = PBXBuildFile; fileRef = 423FB8B326027C4C00C61CFC /* ForgotPasswordView.swift */; };
		423FB8B926027C4D00C61CFC /* SignInWithEmailView.swift in Sources */ = {isa = PBXBuildFile; fileRef = 423FB8B426027C4C00C61CFC /* SignInWithEmailView.swift */; };
		423FB8BA26027C4D00C61CFC /* SignUpView.swift in Sources */ = {isa = PBXBuildFile; fileRef = 423FB8B526027C4D00C61CFC /* SignUpView.swift */; };
		423FB8BB26027C4D00C61CFC /* HomeView.swift in Sources */ = {isa = PBXBuildFile; fileRef = 423FB8B626027C4D00C61CFC /* HomeView.swift */; };
		425C384A260A3AA500713A3B /* SettingsView.swift in Sources */ = {isa = PBXBuildFile; fileRef = 425C3849260A3AA500713A3B /* SettingsView.swift */; };
		425C384C260A3AB800713A3B /* CalendarView.swift in Sources */ = {isa = PBXBuildFile; fileRef = 425C384B260A3AB800713A3B /* CalendarView.swift */; };
		428EBA3525FA75BE0053DAD1 /* AppDelegate.swift in Sources */ = {isa = PBXBuildFile; fileRef = 428EBA3425FA75BE0053DAD1 /* AppDelegate.swift */; };
		428EBA3725FA75BE0053DAD1 /* SceneDelegate.swift in Sources */ = {isa = PBXBuildFile; fileRef = 428EBA3625FA75BE0053DAD1 /* SceneDelegate.swift */; };
		428EBA3925FA75BE0053DAD1 /* ContentView.swift in Sources */ = {isa = PBXBuildFile; fileRef = 428EBA3825FA75BE0053DAD1 /* ContentView.swift */; };
		428EBA3B25FA75C10053DAD1 /* Assets.xcassets in Resources */ = {isa = PBXBuildFile; fileRef = 428EBA3A25FA75C10053DAD1 /* Assets.xcassets */; };
		428EBA3E25FA75C10053DAD1 /* Preview Assets.xcassets in Resources */ = {isa = PBXBuildFile; fileRef = 428EBA3D25FA75C10053DAD1 /* Preview Assets.xcassets */; };
		428EBA4125FA75C10053DAD1 /* LaunchScreen.storyboard in Resources */ = {isa = PBXBuildFile; fileRef = 428EBA3F25FA75C10053DAD1 /* LaunchScreen.storyboard */; };
		428EBA4C25FA75C10053DAD1 /* Due_ItTests.swift in Sources */ = {isa = PBXBuildFile; fileRef = 428EBA4B25FA75C10053DAD1 /* Due_ItTests.swift */; };
		428EBA5725FA75C10053DAD1 /* Due_ItUITests.swift in Sources */ = {isa = PBXBuildFile; fileRef = 428EBA5625FA75C10053DAD1 /* Due_ItUITests.swift */; };
		42DE188A261CAC8B00A8D1CB /* Assignment.swift in Sources */ = {isa = PBXBuildFile; fileRef = 42DE1889261CAC8B00A8D1CB /* Assignment.swift */; };
		42DE188C261CB03A00A8D1CB /* AddAssignmentView.swift in Sources */ = {isa = PBXBuildFile; fileRef = 42DE188B261CB03A00A8D1CB /* AddAssignmentView.swift */; };
		D0FB65FB260BA7EF00F805CE /* MonthView.swift in Sources */ = {isa = PBXBuildFile; fileRef = D0FB65FA260BA7EF00F805CE /* MonthView.swift */; };
		D0FB65FD260BA82B00F805CE /* WeekView.swift in Sources */ = {isa = PBXBuildFile; fileRef = D0FB65FC260BA82B00F805CE /* WeekView.swift */; };
		D0FB65FF260BA89800F805CE /* RootView.swift in Sources */ = {isa = PBXBuildFile; fileRef = D0FB65FE260BA89800F805CE /* RootView.swift */; };
/* End PBXBuildFile section */

/* Begin PBXContainerItemProxy section */
		428EBA4825FA75C10053DAD1 /* PBXContainerItemProxy */ = {
			isa = PBXContainerItemProxy;
			containerPortal = 428EBA2925FA75BE0053DAD1 /* Project object */;
			proxyType = 1;
			remoteGlobalIDString = 428EBA3025FA75BE0053DAD1;
			remoteInfo = "Due It";
		};
		428EBA5325FA75C10053DAD1 /* PBXContainerItemProxy */ = {
			isa = PBXContainerItemProxy;
			containerPortal = 428EBA2925FA75BE0053DAD1 /* Project object */;
			proxyType = 1;
			remoteGlobalIDString = 428EBA3025FA75BE0053DAD1;
			remoteInfo = "Due It";
		};
/* End PBXContainerItemProxy section */

/* Begin PBXFileReference section */
		2F60AB99260120660035F1B7 /* GoogleService-Info.plist */ = {isa = PBXFileReference; fileEncoding = 4; lastKnownFileType = text.plist.xml; path = "GoogleService-Info.plist"; sourceTree = "<group>"; };
		423FB8AE26027C3700C61CFC /* UserInfo.swift */ = {isa = PBXFileReference; fileEncoding = 4; lastKnownFileType = sourcecode.swift; path = UserInfo.swift; sourceTree = "<group>"; };
		423FB8AF26027C3700C61CFC /* UserViewModel.swift */ = {isa = PBXFileReference; fileEncoding = 4; lastKnownFileType = sourcecode.swift; path = UserViewModel.swift; sourceTree = "<group>"; };
		423FB8B226027C4C00C61CFC /* LogInView.swift */ = {isa = PBXFileReference; fileEncoding = 4; lastKnownFileType = sourcecode.swift; path = LogInView.swift; sourceTree = "<group>"; };
		423FB8B326027C4C00C61CFC /* ForgotPasswordView.swift */ = {isa = PBXFileReference; fileEncoding = 4; lastKnownFileType = sourcecode.swift; path = ForgotPasswordView.swift; sourceTree = "<group>"; };
		423FB8B426027C4C00C61CFC /* SignInWithEmailView.swift */ = {isa = PBXFileReference; fileEncoding = 4; lastKnownFileType = sourcecode.swift; path = SignInWithEmailView.swift; sourceTree = "<group>"; };
		423FB8B526027C4D00C61CFC /* SignUpView.swift */ = {isa = PBXFileReference; fileEncoding = 4; lastKnownFileType = sourcecode.swift; path = SignUpView.swift; sourceTree = "<group>"; };
		423FB8B626027C4D00C61CFC /* HomeView.swift */ = {isa = PBXFileReference; fileEncoding = 4; lastKnownFileType = sourcecode.swift; path = HomeView.swift; sourceTree = "<group>"; };
		425C3849260A3AA500713A3B /* SettingsView.swift */ = {isa = PBXFileReference; lastKnownFileType = sourcecode.swift; path = SettingsView.swift; sourceTree = "<group>"; };
		425C384B260A3AB800713A3B /* CalendarView.swift */ = {isa = PBXFileReference; lastKnownFileType = sourcecode.swift; path = CalendarView.swift; sourceTree = "<group>"; };
		428EBA3125FA75BE0053DAD1 /* Workflow.app */ = {isa = PBXFileReference; explicitFileType = wrapper.application; includeInIndex = 0; path = Workflow.app; sourceTree = BUILT_PRODUCTS_DIR; };
		428EBA3425FA75BE0053DAD1 /* AppDelegate.swift */ = {isa = PBXFileReference; lastKnownFileType = sourcecode.swift; path = AppDelegate.swift; sourceTree = "<group>"; };
		428EBA3625FA75BE0053DAD1 /* SceneDelegate.swift */ = {isa = PBXFileReference; lastKnownFileType = sourcecode.swift; path = SceneDelegate.swift; sourceTree = "<group>"; };
		428EBA3825FA75BE0053DAD1 /* ContentView.swift */ = {isa = PBXFileReference; lastKnownFileType = sourcecode.swift; path = ContentView.swift; sourceTree = "<group>"; };
		428EBA3A25FA75C10053DAD1 /* Assets.xcassets */ = {isa = PBXFileReference; lastKnownFileType = folder.assetcatalog; path = Assets.xcassets; sourceTree = "<group>"; };
		428EBA3D25FA75C10053DAD1 /* Preview Assets.xcassets */ = {isa = PBXFileReference; lastKnownFileType = folder.assetcatalog; path = "Preview Assets.xcassets"; sourceTree = "<group>"; };
		428EBA4025FA75C10053DAD1 /* Base */ = {isa = PBXFileReference; lastKnownFileType = file.storyboard; name = Base; path = Base.lproj/LaunchScreen.storyboard; sourceTree = "<group>"; };
		428EBA4225FA75C10053DAD1 /* Info.plist */ = {isa = PBXFileReference; lastKnownFileType = text.plist.xml; path = Info.plist; sourceTree = "<group>"; };
		428EBA4725FA75C10053DAD1 /* Due ItTests.xctest */ = {isa = PBXFileReference; explicitFileType = wrapper.cfbundle; includeInIndex = 0; path = "Due ItTests.xctest"; sourceTree = BUILT_PRODUCTS_DIR; };
		428EBA4B25FA75C10053DAD1 /* Due_ItTests.swift */ = {isa = PBXFileReference; lastKnownFileType = sourcecode.swift; path = Due_ItTests.swift; sourceTree = "<group>"; };
		428EBA4D25FA75C10053DAD1 /* Info.plist */ = {isa = PBXFileReference; lastKnownFileType = text.plist.xml; path = Info.plist; sourceTree = "<group>"; };
		428EBA5225FA75C10053DAD1 /* Due ItUITests.xctest */ = {isa = PBXFileReference; explicitFileType = wrapper.cfbundle; includeInIndex = 0; path = "Due ItUITests.xctest"; sourceTree = BUILT_PRODUCTS_DIR; };
		428EBA5625FA75C10053DAD1 /* Due_ItUITests.swift */ = {isa = PBXFileReference; lastKnownFileType = sourcecode.swift; path = Due_ItUITests.swift; sourceTree = "<group>"; };
		428EBA5825FA75C10053DAD1 /* Info.plist */ = {isa = PBXFileReference; lastKnownFileType = text.plist.xml; path = Info.plist; sourceTree = "<group>"; };
		42DE1889261CAC8B00A8D1CB /* Assignment.swift */ = {isa = PBXFileReference; lastKnownFileType = sourcecode.swift; path = Assignment.swift; sourceTree = "<group>"; };
		42DE188B261CB03A00A8D1CB /* AddAssignmentView.swift */ = {isa = PBXFileReference; lastKnownFileType = sourcecode.swift; path = AddAssignmentView.swift; sourceTree = "<group>"; };
		849989074478384DE1F6B896 /* Pods-Due It.release.xcconfig */ = {isa = PBXFileReference; includeInIndex = 1; lastKnownFileType = text.xcconfig; name = "Pods-Due It.release.xcconfig"; path = "Target Support Files/Pods-Due It/Pods-Due It.release.xcconfig"; sourceTree = "<group>"; };
		A4791DFE16FC2CB872A701C7 /* Pods_Due_It.framework */ = {isa = PBXFileReference; explicitFileType = wrapper.framework; includeInIndex = 0; path = Pods_Due_It.framework; sourceTree = BUILT_PRODUCTS_DIR; };
		D0FB65FA260BA7EF00F805CE /* MonthView.swift */ = {isa = PBXFileReference; lastKnownFileType = sourcecode.swift; path = MonthView.swift; sourceTree = "<group>"; };
		D0FB65FC260BA82B00F805CE /* WeekView.swift */ = {isa = PBXFileReference; lastKnownFileType = sourcecode.swift; path = WeekView.swift; sourceTree = "<group>"; };
		D0FB65FE260BA89800F805CE /* RootView.swift */ = {isa = PBXFileReference; lastKnownFileType = sourcecode.swift; path = RootView.swift; sourceTree = "<group>"; };
		FFC1886B3BB0E87F61DFB326 /* Pods-Due It.debug.xcconfig */ = {isa = PBXFileReference; includeInIndex = 1; lastKnownFileType = text.xcconfig; name = "Pods-Due It.debug.xcconfig"; path = "Target Support Files/Pods-Due It/Pods-Due It.debug.xcconfig"; sourceTree = "<group>"; };
/* End PBXFileReference section */

/* Begin PBXFrameworksBuildPhase section */
		428EBA2E25FA75BE0053DAD1 /* Frameworks */ = {
			isa = PBXFrameworksBuildPhase;
			buildActionMask = 2147483647;
			files = (
				16854EAF86FEAD658B97C4CB /* Pods_Due_It.framework in Frameworks */,
			);
			runOnlyForDeploymentPostprocessing = 0;
		};
		428EBA4425FA75C10053DAD1 /* Frameworks */ = {
			isa = PBXFrameworksBuildPhase;
			buildActionMask = 2147483647;
			files = (
			);
			runOnlyForDeploymentPostprocessing = 0;
		};
		428EBA4F25FA75C10053DAD1 /* Frameworks */ = {
			isa = PBXFrameworksBuildPhase;
			buildActionMask = 2147483647;
			files = (
			);
			runOnlyForDeploymentPostprocessing = 0;
		};
/* End PBXFrameworksBuildPhase section */

/* Begin PBXGroup section */
		3C44E7EA06DB23F62D3D9589 /* Frameworks */ = {
			isa = PBXGroup;
			children = (
				A4791DFE16FC2CB872A701C7 /* Pods_Due_It.framework */,
			);
			name = Frameworks;
			sourceTree = "<group>";
		};
		425C384D260A3ACE00713A3B /* Views */ = {
			isa = PBXGroup;
			children = (
				42CD6962260D099600C2420E /* Firebase Login */,
				42CD6961260D097900C2420E /* Calendar */,
				428EBA3825FA75BE0053DAD1 /* ContentView.swift */,
				423FB8B626027C4D00C61CFC /* HomeView.swift */,
				42DE188B261CB03A00A8D1CB /* AddAssignmentView.swift */,
				425C3849260A3AA500713A3B /* SettingsView.swift */,
			);
			path = Views;
			sourceTree = "<group>";
		};
		425C384E260A3AED00713A3B /* Model */ = {
			isa = PBXGroup;
			children = (
				423FB8AE26027C3700C61CFC /* UserInfo.swift */,
				423FB8AF26027C3700C61CFC /* UserViewModel.swift */,
				42DE1889261CAC8B00A8D1CB /* Assignment.swift */,
			);
			path = Model;
			sourceTree = "<group>";
		};
		428EBA2825FA75BE0053DAD1 = {
			isa = PBXGroup;
			children = (
				428EBA3325FA75BE0053DAD1 /* Due It */,
				428EBA4A25FA75C10053DAD1 /* Due ItTests */,
				428EBA5525FA75C10053DAD1 /* Due ItUITests */,
				428EBA3225FA75BE0053DAD1 /* Products */,
				62E43DE3FA3F8EFCDE875517 /* Pods */,
				3C44E7EA06DB23F62D3D9589 /* Frameworks */,
			);
			sourceTree = "<group>";
		};
		428EBA3225FA75BE0053DAD1 /* Products */ = {
			isa = PBXGroup;
			children = (
				428EBA3125FA75BE0053DAD1 /* Workflow.app */,
				428EBA4725FA75C10053DAD1 /* Due ItTests.xctest */,
				428EBA5225FA75C10053DAD1 /* Due ItUITests.xctest */,
			);
			name = Products;
			sourceTree = "<group>";
		};
		428EBA3325FA75BE0053DAD1 /* Due It */ = {
			isa = PBXGroup;
			children = (
				42CD6964260D09B900C2420E /* Delegates */,
				425C384D260A3ACE00713A3B /* Views */,
				425C384E260A3AED00713A3B /* Model */,
				2F60AB99260120660035F1B7 /* GoogleService-Info.plist */,
				428EBA3A25FA75C10053DAD1 /* Assets.xcassets */,
				428EBA3F25FA75C10053DAD1 /* LaunchScreen.storyboard */,
				428EBA4225FA75C10053DAD1 /* Info.plist */,
				428EBA3C25FA75C10053DAD1 /* Preview Content */,
			);
			path = "Due It";
			sourceTree = "<group>";
		};
		428EBA3C25FA75C10053DAD1 /* Preview Content */ = {
			isa = PBXGroup;
			children = (
				428EBA3D25FA75C10053DAD1 /* Preview Assets.xcassets */,
			);
			path = "Preview Content";
			sourceTree = "<group>";
		};
		428EBA4A25FA75C10053DAD1 /* Due ItTests */ = {
			isa = PBXGroup;
			children = (
				428EBA4B25FA75C10053DAD1 /* Due_ItTests.swift */,
				428EBA4D25FA75C10053DAD1 /* Info.plist */,
			);
			path = "Due ItTests";
			sourceTree = "<group>";
		};
		428EBA5525FA75C10053DAD1 /* Due ItUITests */ = {
			isa = PBXGroup;
			children = (
				428EBA5625FA75C10053DAD1 /* Due_ItUITests.swift */,
				428EBA5825FA75C10053DAD1 /* Info.plist */,
			);
			path = "Due ItUITests";
			sourceTree = "<group>";
		};
		42CD6961260D097900C2420E /* Calendar */ = {
			isa = PBXGroup;
			children = (
				425C384B260A3AB800713A3B /* CalendarView.swift */,
				D0FB65FA260BA7EF00F805CE /* MonthView.swift */,
				D0FB65FC260BA82B00F805CE /* WeekView.swift */,
				D0FB65FE260BA89800F805CE /* RootView.swift */,
			);
			path = Calendar;
			sourceTree = "<group>";
		};
		42CD6962260D099600C2420E /* Firebase Login */ = {
			isa = PBXGroup;
			children = (
				423FB8B226027C4C00C61CFC /* LogInView.swift */,
				423FB8B426027C4C00C61CFC /* SignInWithEmailView.swift */,
				423FB8B526027C4D00C61CFC /* SignUpView.swift */,
				423FB8B326027C4C00C61CFC /* ForgotPasswordView.swift */,
			);
			path = "Firebase Login";
			sourceTree = "<group>";
		};
		42CD6964260D09B900C2420E /* Delegates */ = {
			isa = PBXGroup;
			children = (
				428EBA3425FA75BE0053DAD1 /* AppDelegate.swift */,
				428EBA3625FA75BE0053DAD1 /* SceneDelegate.swift */,
			);
			path = Delegates;
			sourceTree = "<group>";
		};
		62E43DE3FA3F8EFCDE875517 /* Pods */ = {
			isa = PBXGroup;
			children = (
				FFC1886B3BB0E87F61DFB326 /* Pods-Due It.debug.xcconfig */,
				849989074478384DE1F6B896 /* Pods-Due It.release.xcconfig */,
			);
			path = Pods;
			sourceTree = "<group>";
		};
/* End PBXGroup section */

/* Begin PBXNativeTarget section */
		428EBA3025FA75BE0053DAD1 /* Due It */ = {
			isa = PBXNativeTarget;
			buildConfigurationList = 428EBA5B25FA75C10053DAD1 /* Build configuration list for PBXNativeTarget "Due It" */;
			buildPhases = (
				271BA7A842CED1A5391EFD91 /* [CP] Check Pods Manifest.lock */,
				428EBA2D25FA75BE0053DAD1 /* Sources */,
				428EBA2E25FA75BE0053DAD1 /* Frameworks */,
				428EBA2F25FA75BE0053DAD1 /* Resources */,
				17950A212572A3F0D447BFBF /* [CP] Embed Pods Frameworks */,
			);
			buildRules = (
			);
			dependencies = (
			);
			name = "Due It";
			productName = "Due It";
			productReference = 428EBA3125FA75BE0053DAD1 /* Workflow.app */;
			productType = "com.apple.product-type.application";
		};
		428EBA4625FA75C10053DAD1 /* Due ItTests */ = {
			isa = PBXNativeTarget;
			buildConfigurationList = 428EBA5E25FA75C10053DAD1 /* Build configuration list for PBXNativeTarget "Due ItTests" */;
			buildPhases = (
				428EBA4325FA75C10053DAD1 /* Sources */,
				428EBA4425FA75C10053DAD1 /* Frameworks */,
				428EBA4525FA75C10053DAD1 /* Resources */,
			);
			buildRules = (
			);
			dependencies = (
				428EBA4925FA75C10053DAD1 /* PBXTargetDependency */,
			);
			name = "Due ItTests";
			productName = "Due ItTests";
			productReference = 428EBA4725FA75C10053DAD1 /* Due ItTests.xctest */;
			productType = "com.apple.product-type.bundle.unit-test";
		};
		428EBA5125FA75C10053DAD1 /* Due ItUITests */ = {
			isa = PBXNativeTarget;
			buildConfigurationList = 428EBA6125FA75C10053DAD1 /* Build configuration list for PBXNativeTarget "Due ItUITests" */;
			buildPhases = (
				428EBA4E25FA75C10053DAD1 /* Sources */,
				428EBA4F25FA75C10053DAD1 /* Frameworks */,
				428EBA5025FA75C10053DAD1 /* Resources */,
			);
			buildRules = (
			);
			dependencies = (
				428EBA5425FA75C10053DAD1 /* PBXTargetDependency */,
			);
			name = "Due ItUITests";
			productName = "Due ItUITests";
			productReference = 428EBA5225FA75C10053DAD1 /* Due ItUITests.xctest */;
			productType = "com.apple.product-type.bundle.ui-testing";
		};
/* End PBXNativeTarget section */

/* Begin PBXProject section */
		428EBA2925FA75BE0053DAD1 /* Project object */ = {
			isa = PBXProject;
			attributes = {
				LastSwiftUpdateCheck = 1160;
				LastUpgradeCheck = 1160;
				ORGANIZATIONNAME = "Annika Naveen (student LM)";
				TargetAttributes = {
					428EBA3025FA75BE0053DAD1 = {
						CreatedOnToolsVersion = 11.6;
					};
					428EBA4625FA75C10053DAD1 = {
						CreatedOnToolsVersion = 11.6;
						TestTargetID = 428EBA3025FA75BE0053DAD1;
					};
					428EBA5125FA75C10053DAD1 = {
						CreatedOnToolsVersion = 11.6;
						TestTargetID = 428EBA3025FA75BE0053DAD1;
					};
				};
			};
			buildConfigurationList = 428EBA2C25FA75BE0053DAD1 /* Build configuration list for PBXProject "Due It" */;
			compatibilityVersion = "Xcode 9.3";
			developmentRegion = en;
			hasScannedForEncodings = 0;
			knownRegions = (
				en,
				Base,
			);
			mainGroup = 428EBA2825FA75BE0053DAD1;
			productRefGroup = 428EBA3225FA75BE0053DAD1 /* Products */;
			projectDirPath = "";
			projectRoot = "";
			targets = (
				428EBA3025FA75BE0053DAD1 /* Due It */,
				428EBA4625FA75C10053DAD1 /* Due ItTests */,
				428EBA5125FA75C10053DAD1 /* Due ItUITests */,
			);
		};
/* End PBXProject section */

/* Begin PBXResourcesBuildPhase section */
		428EBA2F25FA75BE0053DAD1 /* Resources */ = {
			isa = PBXResourcesBuildPhase;
			buildActionMask = 2147483647;
			files = (
				428EBA4125FA75C10053DAD1 /* LaunchScreen.storyboard in Resources */,
				428EBA3E25FA75C10053DAD1 /* Preview Assets.xcassets in Resources */,
				428EBA3B25FA75C10053DAD1 /* Assets.xcassets in Resources */,
				2F60AB9A260120660035F1B7 /* GoogleService-Info.plist in Resources */,
			);
			runOnlyForDeploymentPostprocessing = 0;
		};
		428EBA4525FA75C10053DAD1 /* Resources */ = {
			isa = PBXResourcesBuildPhase;
			buildActionMask = 2147483647;
			files = (
			);
			runOnlyForDeploymentPostprocessing = 0;
		};
		428EBA5025FA75C10053DAD1 /* Resources */ = {
			isa = PBXResourcesBuildPhase;
			buildActionMask = 2147483647;
			files = (
			);
			runOnlyForDeploymentPostprocessing = 0;
		};
/* End PBXResourcesBuildPhase section */

/* Begin PBXShellScriptBuildPhase section */
		17950A212572A3F0D447BFBF /* [CP] Embed Pods Frameworks */ = {
			isa = PBXShellScriptBuildPhase;
			buildActionMask = 2147483647;
			files = (
			);
			inputFileListPaths = (
				"${PODS_ROOT}/Target Support Files/Pods-Due It/Pods-Due It-frameworks-${CONFIGURATION}-input-files.xcfilelist",
			);
			name = "[CP] Embed Pods Frameworks";
			outputFileListPaths = (
				"${PODS_ROOT}/Target Support Files/Pods-Due It/Pods-Due It-frameworks-${CONFIGURATION}-output-files.xcfilelist",
			);
			runOnlyForDeploymentPostprocessing = 0;
			shellPath = /bin/sh;
			shellScript = "\"${PODS_ROOT}/Target Support Files/Pods-Due It/Pods-Due It-frameworks.sh\"\n";
			showEnvVarsInLog = 0;
		};
		271BA7A842CED1A5391EFD91 /* [CP] Check Pods Manifest.lock */ = {
			isa = PBXShellScriptBuildPhase;
			buildActionMask = 2147483647;
			files = (
			);
			inputFileListPaths = (
			);
			inputPaths = (
				"${PODS_PODFILE_DIR_PATH}/Podfile.lock",
				"${PODS_ROOT}/Manifest.lock",
			);
			name = "[CP] Check Pods Manifest.lock";
			outputFileListPaths = (
			);
			outputPaths = (
				"$(DERIVED_FILE_DIR)/Pods-Due It-checkManifestLockResult.txt",
			);
			runOnlyForDeploymentPostprocessing = 0;
			shellPath = /bin/sh;
			shellScript = "diff \"${PODS_PODFILE_DIR_PATH}/Podfile.lock\" \"${PODS_ROOT}/Manifest.lock\" > /dev/null\nif [ $? != 0 ] ; then\n    # print error to STDERR\n    echo \"error: The sandbox is not in sync with the Podfile.lock. Run 'pod install' or update your CocoaPods installation.\" >&2\n    exit 1\nfi\n# This output is used by Xcode 'outputs' to avoid re-running this script phase.\necho \"SUCCESS\" > \"${SCRIPT_OUTPUT_FILE_0}\"\n";
			showEnvVarsInLog = 0;
		};
/* End PBXShellScriptBuildPhase section */

/* Begin PBXSourcesBuildPhase section */
		428EBA2D25FA75BE0053DAD1 /* Sources */ = {
			isa = PBXSourcesBuildPhase;
			buildActionMask = 2147483647;
			files = (
				42DE188A261CAC8B00A8D1CB /* Assignment.swift in Sources */,
				D0FB65FB260BA7EF00F805CE /* MonthView.swift in Sources */,
				423FB8B726027C4D00C61CFC /* LogInView.swift in Sources */,
				423FB8B826027C4D00C61CFC /* ForgotPasswordView.swift in Sources */,
				425C384C260A3AB800713A3B /* CalendarView.swift in Sources */,
				423FB8B026027C3700C61CFC /* UserInfo.swift in Sources */,
				423FB8BB26027C4D00C61CFC /* HomeView.swift in Sources */,
				423FB8B926027C4D00C61CFC /* SignInWithEmailView.swift in Sources */,
				428EBA3525FA75BE0053DAD1 /* AppDelegate.swift in Sources */,
				428EBA3725FA75BE0053DAD1 /* SceneDelegate.swift in Sources */,
				423FB8B126027C3700C61CFC /* UserViewModel.swift in Sources */,
				D0FB65FD260BA82B00F805CE /* WeekView.swift in Sources */,
				423FB8BA26027C4D00C61CFC /* SignUpView.swift in Sources */,
				428EBA3925FA75BE0053DAD1 /* ContentView.swift in Sources */,
				425C384A260A3AA500713A3B /* SettingsView.swift in Sources */,
				42DE188C261CB03A00A8D1CB /* AddAssignmentView.swift in Sources */,
				D0FB65FF260BA89800F805CE /* RootView.swift in Sources */,
			);
			runOnlyForDeploymentPostprocessing = 0;
		};
		428EBA4325FA75C10053DAD1 /* Sources */ = {
			isa = PBXSourcesBuildPhase;
			buildActionMask = 2147483647;
			files = (
				428EBA4C25FA75C10053DAD1 /* Due_ItTests.swift in Sources */,
			);
			runOnlyForDeploymentPostprocessing = 0;
		};
		428EBA4E25FA75C10053DAD1 /* Sources */ = {
			isa = PBXSourcesBuildPhase;
			buildActionMask = 2147483647;
			files = (
				428EBA5725FA75C10053DAD1 /* Due_ItUITests.swift in Sources */,
			);
			runOnlyForDeploymentPostprocessing = 0;
		};
/* End PBXSourcesBuildPhase section */

/* Begin PBXTargetDependency section */
		428EBA4925FA75C10053DAD1 /* PBXTargetDependency */ = {
			isa = PBXTargetDependency;
			target = 428EBA3025FA75BE0053DAD1 /* Due It */;
			targetProxy = 428EBA4825FA75C10053DAD1 /* PBXContainerItemProxy */;
		};
		428EBA5425FA75C10053DAD1 /* PBXTargetDependency */ = {
			isa = PBXTargetDependency;
			target = 428EBA3025FA75BE0053DAD1 /* Due It */;
			targetProxy = 428EBA5325FA75C10053DAD1 /* PBXContainerItemProxy */;
		};
/* End PBXTargetDependency section */

/* Begin PBXVariantGroup section */
		428EBA3F25FA75C10053DAD1 /* LaunchScreen.storyboard */ = {
			isa = PBXVariantGroup;
			children = (
				428EBA4025FA75C10053DAD1 /* Base */,
			);
			name = LaunchScreen.storyboard;
			sourceTree = "<group>";
		};
/* End PBXVariantGroup section */

/* Begin XCBuildConfiguration section */
		428EBA5925FA75C10053DAD1 /* Debug */ = {
			isa = XCBuildConfiguration;
			buildSettings = {
				ALWAYS_SEARCH_USER_PATHS = NO;
				CLANG_ANALYZER_NONNULL = YES;
				CLANG_ANALYZER_NUMBER_OBJECT_CONVERSION = YES_AGGRESSIVE;
				CLANG_CXX_LANGUAGE_STANDARD = "gnu++14";
				CLANG_CXX_LIBRARY = "libc++";
				CLANG_ENABLE_MODULES = YES;
				CLANG_ENABLE_OBJC_ARC = YES;
				CLANG_ENABLE_OBJC_WEAK = YES;
				CLANG_WARN_BLOCK_CAPTURE_AUTORELEASING = YES;
				CLANG_WARN_BOOL_CONVERSION = YES;
				CLANG_WARN_COMMA = YES;
				CLANG_WARN_CONSTANT_CONVERSION = YES;
				CLANG_WARN_DEPRECATED_OBJC_IMPLEMENTATIONS = YES;
				CLANG_WARN_DIRECT_OBJC_ISA_USAGE = YES_ERROR;
				CLANG_WARN_DOCUMENTATION_COMMENTS = YES;
				CLANG_WARN_EMPTY_BODY = YES;
				CLANG_WARN_ENUM_CONVERSION = YES;
				CLANG_WARN_INFINITE_RECURSION = YES;
				CLANG_WARN_INT_CONVERSION = YES;
				CLANG_WARN_NON_LITERAL_NULL_CONVERSION = YES;
				CLANG_WARN_OBJC_IMPLICIT_RETAIN_SELF = YES;
				CLANG_WARN_OBJC_LITERAL_CONVERSION = YES;
				CLANG_WARN_OBJC_ROOT_CLASS = YES_ERROR;
				CLANG_WARN_RANGE_LOOP_ANALYSIS = YES;
				CLANG_WARN_STRICT_PROTOTYPES = YES;
				CLANG_WARN_SUSPICIOUS_MOVE = YES;
				CLANG_WARN_UNGUARDED_AVAILABILITY = YES_AGGRESSIVE;
				CLANG_WARN_UNREACHABLE_CODE = YES;
				CLANG_WARN__DUPLICATE_METHOD_MATCH = YES;
				COPY_PHASE_STRIP = NO;
				DEBUG_INFORMATION_FORMAT = dwarf;
				ENABLE_STRICT_OBJC_MSGSEND = YES;
				ENABLE_TESTABILITY = YES;
				GCC_C_LANGUAGE_STANDARD = gnu11;
				GCC_DYNAMIC_NO_PIC = NO;
				GCC_NO_COMMON_BLOCKS = YES;
				GCC_OPTIMIZATION_LEVEL = 0;
				GCC_PREPROCESSOR_DEFINITIONS = (
					"DEBUG=1",
					"$(inherited)",
				);
				GCC_WARN_64_TO_32_BIT_CONVERSION = YES;
				GCC_WARN_ABOUT_RETURN_TYPE = YES_ERROR;
				GCC_WARN_UNDECLARED_SELECTOR = YES;
				GCC_WARN_UNINITIALIZED_AUTOS = YES_AGGRESSIVE;
				GCC_WARN_UNUSED_FUNCTION = YES;
				GCC_WARN_UNUSED_VARIABLE = YES;
				IPHONEOS_DEPLOYMENT_TARGET = 13.6;
				MTL_ENABLE_DEBUG_INFO = INCLUDE_SOURCE;
				MTL_FAST_MATH = YES;
				ONLY_ACTIVE_ARCH = YES;
				SDKROOT = iphoneos;
				SWIFT_ACTIVE_COMPILATION_CONDITIONS = DEBUG;
				SWIFT_OPTIMIZATION_LEVEL = "-Onone";
			};
			name = Debug;
		};
		428EBA5A25FA75C10053DAD1 /* Release */ = {
			isa = XCBuildConfiguration;
			buildSettings = {
				ALWAYS_SEARCH_USER_PATHS = NO;
				CLANG_ANALYZER_NONNULL = YES;
				CLANG_ANALYZER_NUMBER_OBJECT_CONVERSION = YES_AGGRESSIVE;
				CLANG_CXX_LANGUAGE_STANDARD = "gnu++14";
				CLANG_CXX_LIBRARY = "libc++";
				CLANG_ENABLE_MODULES = YES;
				CLANG_ENABLE_OBJC_ARC = YES;
				CLANG_ENABLE_OBJC_WEAK = YES;
				CLANG_WARN_BLOCK_CAPTURE_AUTORELEASING = YES;
				CLANG_WARN_BOOL_CONVERSION = YES;
				CLANG_WARN_COMMA = YES;
				CLANG_WARN_CONSTANT_CONVERSION = YES;
				CLANG_WARN_DEPRECATED_OBJC_IMPLEMENTATIONS = YES;
				CLANG_WARN_DIRECT_OBJC_ISA_USAGE = YES_ERROR;
				CLANG_WARN_DOCUMENTATION_COMMENTS = YES;
				CLANG_WARN_EMPTY_BODY = YES;
				CLANG_WARN_ENUM_CONVERSION = YES;
				CLANG_WARN_INFINITE_RECURSION = YES;
				CLANG_WARN_INT_CONVERSION = YES;
				CLANG_WARN_NON_LITERAL_NULL_CONVERSION = YES;
				CLANG_WARN_OBJC_IMPLICIT_RETAIN_SELF = YES;
				CLANG_WARN_OBJC_LITERAL_CONVERSION = YES;
				CLANG_WARN_OBJC_ROOT_CLASS = YES_ERROR;
				CLANG_WARN_RANGE_LOOP_ANALYSIS = YES;
				CLANG_WARN_STRICT_PROTOTYPES = YES;
				CLANG_WARN_SUSPICIOUS_MOVE = YES;
				CLANG_WARN_UNGUARDED_AVAILABILITY = YES_AGGRESSIVE;
				CLANG_WARN_UNREACHABLE_CODE = YES;
				CLANG_WARN__DUPLICATE_METHOD_MATCH = YES;
				COPY_PHASE_STRIP = NO;
				DEBUG_INFORMATION_FORMAT = "dwarf-with-dsym";
				ENABLE_NS_ASSERTIONS = NO;
				ENABLE_STRICT_OBJC_MSGSEND = YES;
				GCC_C_LANGUAGE_STANDARD = gnu11;
				GCC_NO_COMMON_BLOCKS = YES;
				GCC_WARN_64_TO_32_BIT_CONVERSION = YES;
				GCC_WARN_ABOUT_RETURN_TYPE = YES_ERROR;
				GCC_WARN_UNDECLARED_SELECTOR = YES;
				GCC_WARN_UNINITIALIZED_AUTOS = YES_AGGRESSIVE;
				GCC_WARN_UNUSED_FUNCTION = YES;
				GCC_WARN_UNUSED_VARIABLE = YES;
				IPHONEOS_DEPLOYMENT_TARGET = 13.6;
				MTL_ENABLE_DEBUG_INFO = NO;
				MTL_FAST_MATH = YES;
				SDKROOT = iphoneos;
				SWIFT_COMPILATION_MODE = wholemodule;
				SWIFT_OPTIMIZATION_LEVEL = "-O";
				VALIDATE_PRODUCT = YES;
			};
			name = Release;
		};
		428EBA5C25FA75C10053DAD1 /* Debug */ = {
			isa = XCBuildConfiguration;
			baseConfigurationReference = FFC1886B3BB0E87F61DFB326 /* Pods-Due It.debug.xcconfig */;
			buildSettings = {
				ASSETCATALOG_COMPILER_APPICON_NAME = AppIcon;
				CODE_SIGN_STYLE = Automatic;
				DEVELOPMENT_ASSET_PATHS = "\"Due It/Preview Content\"";
				ENABLE_PREVIEWS = YES;
				INFOPLIST_FILE = "Due It/Info.plist";
				LD_RUNPATH_SEARCH_PATHS = (
					"$(inherited)",
					"@executable_path/Frameworks",
				);
				PRODUCT_BUNDLE_IDENTIFIER = "NewWaveComputers.Due-It";
				PRODUCT_NAME = Workflow;
				SWIFT_VERSION = 5.0;
				TARGETED_DEVICE_FAMILY = "1,2";
			};
			name = Debug;
		};
		428EBA5D25FA75C10053DAD1 /* Release */ = {
			isa = XCBuildConfiguration;
			baseConfigurationReference = 849989074478384DE1F6B896 /* Pods-Due It.release.xcconfig */;
			buildSettings = {
				ASSETCATALOG_COMPILER_APPICON_NAME = AppIcon;
				CODE_SIGN_STYLE = Automatic;
				DEVELOPMENT_ASSET_PATHS = "\"Due It/Preview Content\"";
				ENABLE_PREVIEWS = YES;
				INFOPLIST_FILE = "Due It/Info.plist";
				LD_RUNPATH_SEARCH_PATHS = (
					"$(inherited)",
					"@executable_path/Frameworks",
				);
				PRODUCT_BUNDLE_IDENTIFIER = "NewWaveComputers.Due-It";
				PRODUCT_NAME = Workflow;
				SWIFT_VERSION = 5.0;
				TARGETED_DEVICE_FAMILY = "1,2";
			};
			name = Release;
		};
		428EBA5F25FA75C10053DAD1 /* Debug */ = {
			isa = XCBuildConfiguration;
			buildSettings = {
				ALWAYS_EMBED_SWIFT_STANDARD_LIBRARIES = YES;
				BUNDLE_LOADER = "$(TEST_HOST)";
				CODE_SIGN_STYLE = Automatic;
				INFOPLIST_FILE = "Due ItTests/Info.plist";
				IPHONEOS_DEPLOYMENT_TARGET = 13.6;
				LD_RUNPATH_SEARCH_PATHS = (
					"$(inherited)",
					"@executable_path/Frameworks",
					"@loader_path/Frameworks",
				);
				PRODUCT_BUNDLE_IDENTIFIER = "NewWaveComputers.Due-ItTests";
				PRODUCT_NAME = "$(TARGET_NAME)";
				SWIFT_VERSION = 5.0;
				TARGETED_DEVICE_FAMILY = "1,2";
				TEST_HOST = "$(BUILT_PRODUCTS_DIR)/Due It.app/Due It";
			};
			name = Debug;
		};
		428EBA6025FA75C10053DAD1 /* Release */ = {
			isa = XCBuildConfiguration;
			buildSettings = {
				ALWAYS_EMBED_SWIFT_STANDARD_LIBRARIES = YES;
				BUNDLE_LOADER = "$(TEST_HOST)";
				CODE_SIGN_STYLE = Automatic;
				INFOPLIST_FILE = "Due ItTests/Info.plist";
				IPHONEOS_DEPLOYMENT_TARGET = 13.6;
				LD_RUNPATH_SEARCH_PATHS = (
					"$(inherited)",
					"@executable_path/Frameworks",
					"@loader_path/Frameworks",
				);
				PRODUCT_BUNDLE_IDENTIFIER = "NewWaveComputers.Due-ItTests";
				PRODUCT_NAME = "$(TARGET_NAME)";
				SWIFT_VERSION = 5.0;
				TARGETED_DEVICE_FAMILY = "1,2";
				TEST_HOST = "$(BUILT_PRODUCTS_DIR)/Due It.app/Due It";
			};
			name = Release;
		};
		428EBA6225FA75C10053DAD1 /* Debug */ = {
			isa = XCBuildConfiguration;
			buildSettings = {
				ALWAYS_EMBED_SWIFT_STANDARD_LIBRARIES = YES;
				CODE_SIGN_STYLE = Automatic;
				INFOPLIST_FILE = "Due ItUITests/Info.plist";
				LD_RUNPATH_SEARCH_PATHS = (
					"$(inherited)",
					"@executable_path/Frameworks",
					"@loader_path/Frameworks",
				);
				PRODUCT_BUNDLE_IDENTIFIER = "NewWaveComputers.Due-ItUITests";
				PRODUCT_NAME = "$(TARGET_NAME)";
				SWIFT_VERSION = 5.0;
				TARGETED_DEVICE_FAMILY = "1,2";
				TEST_TARGET_NAME = "Due It";
			};
			name = Debug;
		};
		428EBA6325FA75C10053DAD1 /* Release */ = {
			isa = XCBuildConfiguration;
			buildSettings = {
				ALWAYS_EMBED_SWIFT_STANDARD_LIBRARIES = YES;
				CODE_SIGN_STYLE = Automatic;
				INFOPLIST_FILE = "Due ItUITests/Info.plist";
				LD_RUNPATH_SEARCH_PATHS = (
					"$(inherited)",
					"@executable_path/Frameworks",
					"@loader_path/Frameworks",
				);
				PRODUCT_BUNDLE_IDENTIFIER = "NewWaveComputers.Due-ItUITests";
				PRODUCT_NAME = "$(TARGET_NAME)";
				SWIFT_VERSION = 5.0;
				TARGETED_DEVICE_FAMILY = "1,2";
				TEST_TARGET_NAME = "Due It";
			};
			name = Release;
		};
/* End XCBuildConfiguration section */

/* Begin XCConfigurationList section */
		428EBA2C25FA75BE0053DAD1 /* Build configuration list for PBXProject "Due It" */ = {
			isa = XCConfigurationList;
			buildConfigurations = (
				428EBA5925FA75C10053DAD1 /* Debug */,
				428EBA5A25FA75C10053DAD1 /* Release */,
			);
			defaultConfigurationIsVisible = 0;
			defaultConfigurationName = Release;
		};
		428EBA5B25FA75C10053DAD1 /* Build configuration list for PBXNativeTarget "Due It" */ = {
			isa = XCConfigurationList;
			buildConfigurations = (
				428EBA5C25FA75C10053DAD1 /* Debug */,
				428EBA5D25FA75C10053DAD1 /* Release */,
			);
			defaultConfigurationIsVisible = 0;
			defaultConfigurationName = Release;
		};
		428EBA5E25FA75C10053DAD1 /* Build configuration list for PBXNativeTarget "Due ItTests" */ = {
			isa = XCConfigurationList;
			buildConfigurations = (
				428EBA5F25FA75C10053DAD1 /* Debug */,
				428EBA6025FA75C10053DAD1 /* Release */,
			);
			defaultConfigurationIsVisible = 0;
			defaultConfigurationName = Release;
		};
		428EBA6125FA75C10053DAD1 /* Build configuration list for PBXNativeTarget "Due ItUITests" */ = {
			isa = XCConfigurationList;
			buildConfigurations = (
				428EBA6225FA75C10053DAD1 /* Debug */,
				428EBA6325FA75C10053DAD1 /* Release */,
			);
			defaultConfigurationIsVisible = 0;
			defaultConfigurationName = Release;
		};
/* End XCConfigurationList section */
	};
	rootObject = 428EBA2925FA75BE0053DAD1 /* Project object */;
}
